
Microsoft Visual Studio Solution File, Format Version 12.00
# Visual Studio 15
VisualStudioVersion = 15.0.26730.12
MinimumVisualStudioVersion = 10.0.40219.1
Project("{FAE04EC0-301F-11D3-BF4B-00C04F79EFBC}") = "WeatherApp.Web", "WeatherApp.Web\WeatherApp.Web.csproj", "{6B9F2B43-B05B-4FFE-A36D-060DFDA0342D}"
EndProject
Global
	GlobalSection(SolutionConfigurationPlatforms) = preSolution
		Debug|Any CPU = Debug|Any CPU
		Release|Any CPU = Release|Any CPU
	EndGlobalSection
	GlobalSection(ProjectConfigurationPlatforms) = postSolution
		{6B9F2B43-B05B-4FFE-A36D-060DFDA0342D}.Debug|Any CPU.ActiveCfg = Debug|Any CPU
		{6B9F2B43-B05B-4FFE-A36D-060DFDA0342D}.Debug|Any CPU.Build.0 = Debug|Any CPU
		{6B9F2B43-B05B-4FFE-A36D-060DFDA0342D}.Release|Any CPU.ActiveCfg = Release|Any CPU
		{6B9F2B43-B05B-4FFE-A36D-060DFDA0342D}.Release|Any CPU.Build.0 = Release|Any CPU
	EndGlobalSection
	GlobalSection(SolutionProperties) = preSolution
		HideSolutionNode = FALSE
	EndGlobalSection
	GlobalSection(ExtensibilityGlobals) = postSolution
		SolutionGuid = {C9DAE94E-4F6E-4265-8B07-601E6BEF8BB1}
	EndGlobalSection
EndGlobal
